
Microsoft Visual Studio Solution File, Format Version 12.00
# Visual Studio Version 17
VisualStudioVersion = 17.4.33205.214
MinimumVisualStudioVersion = 10.0.40219.1
Project("{9A19103F-16F7-4668-BE54-9A1E7A4F7556}") = "ySite.Api", "ySite.Api.csproj", "{0657182B-189A-4997-A2DC-597C2695FD50}"
EndProject
Project("{9A19103F-16F7-4668-BE54-9A1E7A4F7556}") = "ySite.Core", "..\ySite.Core\ySite.Core.csproj", "{6E0D65DB-AE59-4B7A-86CB-5E137F9D261B}"
EndProject
Project("{9A19103F-16F7-4668-BE54-9A1E7A4F7556}") = "ySite.Auth", "..\ySite.Auth\ySite.Auth.csproj", "{FDBB339A-68B6-4F54-870E-CD9CBABAE946}"
EndProject
Project("{9A19103F-16F7-4668-BE54-9A1E7A4F7556}") = "ySite.Service", "..\ySite.Service\ySite.Service.csproj", "{896B6757-CD5A-4DAD-BD72-48F0E5135C4F}"
EndProject
Project("{9A19103F-16F7-4668-BE54-9A1E7A4F7556}") = "Repository", "..\Repository\Repository.csproj", "{FB6D8E5D-4072-466B-9D39-361E9354E8B7}"
EndProject
Project("{9A19103F-16F7-4668-BE54-9A1E7A4F7556}") = "ySite.EF", "..\ySite.EF\ySite.EF.csproj", "{D5D6ABF3-7E64-4332-AF75-50AA1FF59B81}"
EndProject
Project("{9A19103F-16F7-4668-BE54-9A1E7A4F7556}") = "ySite.UI", "..\ySite.UI\ySite.UI.csproj", "{E26045D5-0BB5-45BB-8619-79FBED39F60B}"
EndProject
Global
	GlobalSection(SolutionConfigurationPlatforms) = preSolution
		Debug|Any CPU = Debug|Any CPU
		Release|Any CPU = Release|Any CPU
	EndGlobalSection
	GlobalSection(ProjectConfigurationPlatforms) = postSolution
		{0657182B-189A-4997-A2DC-597C2695FD50}.Debug|Any CPU.ActiveCfg = Debug|Any CPU
		{0657182B-189A-4997-A2DC-597C2695FD50}.Debug|Any CPU.Build.0 = Debug|Any CPU
		{0657182B-189A-4997-A2DC-597C2695FD50}.Release|Any CPU.ActiveCfg = Release|Any CPU
		{0657182B-189A-4997-A2DC-597C2695FD50}.Release|Any CPU.Build.0 = Release|Any CPU
		{6E0D65DB-AE59-4B7A-86CB-5E137F9D261B}.Debug|Any CPU.ActiveCfg = Debug|Any CPU
		{6E0D65DB-AE59-4B7A-86CB-5E137F9D261B}.Debug|Any CPU.Build.0 = Debug|Any CPU
		{6E0D65DB-AE59-4B7A-86CB-5E137F9D261B}.Release|Any CPU.ActiveCfg = Release|Any CPU
		{6E0D65DB-AE59-4B7A-86CB-5E137F9D261B}.Release|Any CPU.Build.0 = Release|Any CPU
		{FDBB339A-68B6-4F54-870E-CD9CBABAE946}.Debug|Any CPU.ActiveCfg = Debug|Any CPU
		{FDBB339A-68B6-4F54-870E-CD9CBABAE946}.Debug|Any CPU.Build.0 = Debug|Any CPU
		{FDBB339A-68B6-4F54-870E-CD9CBABAE946}.Release|Any CPU.ActiveCfg = Release|Any CPU
		{FDBB339A-68B6-4F54-870E-CD9CBABAE946}.Release|Any CPU.Build.0 = Release|Any CPU
		{896B6757-CD5A-4DAD-BD72-48F0E5135C4F}.Debug|Any CPU.ActiveCfg = Debug|Any CPU
		{896B6757-CD5A-4DAD-BD72-48F0E5135C4F}.Debug|Any CPU.Build.0 = Debug|Any CPU
		{896B6757-CD5A-4DAD-BD72-48F0E5135C4F}.Release|Any CPU.ActiveCfg = Release|Any CPU
		{896B6757-CD5A-4DAD-BD72-48F0E5135C4F}.Release|Any CPU.Build.0 = Release|Any CPU
		{FB6D8E5D-4072-466B-9D39-361E9354E8B7}.Debug|Any CPU.ActiveCfg = Debug|Any CPU
		{FB6D8E5D-4072-466B-9D39-361E9354E8B7}.Debug|Any CPU.Build.0 = Debug|Any CPU
		{FB6D8E5D-4072-466B-9D39-361E9354E8B7}.Release|Any CPU.ActiveCfg = Release|Any CPU
		{FB6D8E5D-4072-466B-9D39-361E9354E8B7}.Release|Any CPU.Build.0 = Release|Any CPU
		{D5D6ABF3-7E64-4332-AF75-50AA1FF59B81}.Debug|Any CPU.ActiveCfg = Debug|Any CPU
		{D5D6ABF3-7E64-4332-AF75-50AA1FF59B81}.Debug|Any CPU.Build.0 = Debug|Any CPU
		{D5D6ABF3-7E64-4332-AF75-50AA1FF59B81}.Release|Any CPU.ActiveCfg = Release|Any CPU
		{D5D6ABF3-7E64-4332-AF75-50AA1FF59B81}.Release|Any CPU.Build.0 = Release|Any CPU
		{E26045D5-0BB5-45BB-8619-79FBED39F60B}.Debug|Any CPU.ActiveCfg = Debug|Any CPU
		{E26045D5-0BB5-45BB-8619-79FBED39F60B}.Debug|Any CPU.Build.0 = Debug|Any CPU
		{E26045D5-0BB5-45BB-8619-79FBED39F60B}.Release|Any CPU.ActiveCfg = Release|Any CPU
		{E26045D5-0BB5-45BB-8619-79FBED39F60B}.Release|Any CPU.Build.0 = Release|Any CPU
	EndGlobalSection
	GlobalSection(SolutionProperties) = preSolution
		HideSolutionNode = FALSE
	EndGlobalSection
	GlobalSection(ExtensibilityGlobals) = postSolution
		SolutionGuid = {4DB994C3-D58C-466E-BC1D-DF7358017973}
	EndGlobalSection
EndGlobal
